# This file is generated by `zrail update`; do not edit by hand.
schema = 1
semantics = 1
producer = "0.0.1"
contract_sha256 = "06dc3410f259190c9f7204bbde7b152f0d963d90978ce89d05086f357fd2f263"
ratchet = []

[[package]]
name = "fixture"

[[package.dependency]]
alias = "serde"
name = "serde"
kind = "normal"
scope = "external"
optional = false
default_features = true

[package.dependency.source]
kind = "registry"
requirement = "1"
