# This file is generated by `zrail update`; do not edit by hand.
schema = 3
semantics = 4
producer = "0.0.3-rc.4"
contract_sha256 = "5d5f3b205064fef95fb482bb0c336f762f124663e0422bba65f223481f8e6e6b"
ratchet = []

[analysis]
inventory_sha256 = "829f043c43dfff9dec876a0bcc15242c90bc54ef63a3220a723091edc02a4b71"
exclusions_sha256 = "ef568a36a951491c0b26fe6b44546c6ddde12f6decb83add621e64119697e04d"
cargo_lock_sha256 = "222f3ec72309e09aa8f4dd2d2523999c81c6c6d335e66ca598d4882da2f59fba"
cargo_features_sha256 = "0bb9192effdb5af624afe6f0b82b528f75ad768f379ff30a87268c42d7578558"
feature_worlds_sha256 = "86fb12da86416b128876dd9acd57ead96deea36d3b3f51de50a2f7ef16b752d9"
feature_worlds = 1
packages = 4
targets = 65
physical_rust_files = 762
base_source_contexts = 1240
derived_source_contexts = 0
source_facts = 229009
projection_queries = 1621229
projected_facts = 63
unresolved_bindings = 0
analyzer_semantics = 4

[[analysis.contract_source]]
path = "zrail.toml"
sha256 = "10bbcb950e31377d47d010efa60c3564a374b1f6caa5921ff4f0d9cf78805b65"

[[package]]
name = "zrail"

[[package.dependency]]
alias = "zrail-core"
name = "zrail-core"
crate_root = "zrail_core"
kind = "normal"
scope = "internal"
optional = false
default_features = true

[package.dependency.source]
kind = "workspace-member"
directory = "crates/zrail-core"
requirement = "=0.0.3-rc.4"

[[package.dependency]]
alias = "zrail-rust"
name = "zrail-rust"
crate_root = "zrail_rust"
kind = "normal"
scope = "internal"
optional = false
default_features = true

[package.dependency.source]
kind = "workspace-member"
directory = "crates/zrail-rust"
requirement = "=0.0.3-rc.4"

[[package]]
name = "zrail-core"

[[package.dependency]]
alias = "serde"
name = "serde"
crate_root = "serde"
kind = "normal"
scope = "external"
optional = false
default_features = true
features = ["derive"]

[package.dependency.source]
kind = "registry"
requirement = "=1.0.229"

[[package.dependency]]
alias = "serde_json"
name = "serde_json"
crate_root = "serde_json"
kind = "normal"
scope = "external"
optional = false
default_features = true

[package.dependency.source]
kind = "registry"
requirement = "1.0.151"

[[package.dependency]]
alias = "sha2"
name = "sha2"
crate_root = "sha2"
kind = "normal"
scope = "external"
optional = false
default_features = true

[package.dependency.source]
kind = "registry"
requirement = "0.10.9"

[[package.dependency]]
alias = "toml"
name = "toml"
crate_root = "toml"
kind = "normal"
scope = "external"
optional = false
default_features = true

[package.dependency.source]
kind = "registry"
requirement = "0.8.23"

[[package.dependency]]
alias = "toml_edit"
name = "toml_edit"
kind = "normal"
scope = "external"
optional = false
default_features = true

[package.dependency.source]
kind = "registry"
requirement = "0.22.27"

[[package]]
name = "zrail-rust"

[[package.dependency]]
alias = "proc-macro2"
name = "proc-macro2"
crate_root = "proc_macro2"
kind = "normal"
scope = "external"
optional = false
default_features = true
features = ["span-locations"]

[package.dependency.source]
kind = "registry"
requirement = "1.0.107"

[[package.dependency]]
alias = "semver"
name = "semver"
kind = "normal"
scope = "external"
optional = false
default_features = true

[package.dependency.source]
kind = "registry"
requirement = "1.0.28"

[[package.dependency]]
alias = "serde"
name = "serde"
crate_root = "serde"
kind = "normal"
scope = "external"
optional = false
default_features = true
features = ["derive"]

[package.dependency.source]
kind = "registry"
requirement = "=1.0.229"

[[package.dependency]]
alias = "serde_json"
name = "serde_json"
crate_root = "serde_json"
kind = "normal"
scope = "external"
optional = false
default_features = true

[package.dependency.source]
kind = "registry"
requirement = "1.0.151"

[[package.dependency]]
alias = "syn"
name = "syn"
crate_root = "syn"
kind = "normal"
scope = "external"
optional = false
default_features = true
features = [
    "extra-traits",
    "full",
    "visit",
]

[package.dependency.source]
kind = "registry"
requirement = "2.0.119"

[[package.dependency]]
alias = "toml"
name = "toml"
crate_root = "toml"
kind = "normal"
scope = "external"
optional = false
default_features = true

[package.dependency.source]
kind = "registry"
requirement = "0.8.23"

[[package.dependency]]
alias = "unicode-ident"
name = "unicode-ident"
kind = "normal"
scope = "external"
optional = false
default_features = true

[package.dependency.source]
kind = "registry"
requirement = "1.0.24"

[[package.dependency]]
alias = "zrail-core"
name = "zrail-core"
crate_root = "zrail_core"
kind = "normal"
scope = "internal"
optional = false
default_features = true

[package.dependency.source]
kind = "workspace-member"
directory = "crates/zrail-core"
requirement = "=0.0.3-rc.4"

[[package]]
name = "zrail-testkit"

[[package.dependency]]
alias = "zrail-core"
name = "zrail-core"
crate_root = "zrail_core"
kind = "development"
scope = "internal"
optional = false
default_features = true

[package.dependency.source]
kind = "workspace-member"
directory = "crates/zrail-core"
requirement = "=0.0.3-rc.4"

[[package.dependency]]
alias = "zrail-rust"
name = "zrail-rust"
crate_root = "zrail_rust"
kind = "development"
scope = "internal"
optional = false
default_features = true

[package.dependency.source]
kind = "workspace-member"
directory = "crates/zrail-rust"
requirement = "=0.0.3-rc.4"

[[gate]]
name = "check"
path = "scripts/check"
sha256 = "647036c5e76fc3b5a151f72e12cb05d002e251f7db2939501c227eacbc9366f5"

[[gate.input]]
path = ".gitignore"
sha256 = "7066af9c9876fc4f998a35dafa81084a22ff63dd21841e3f47ef7a3f7046db25"

[[gate.input]]
path = "Cargo.toml"
sha256 = "9caab62e1fdab017afedc66c3286368ae1400c10ce3f8a4b0d1e0f1bf3cae143"

[[gate.input]]
path = "clippy.toml"
sha256 = "2122f85d49f342df8bf22663c398b8b02fd39e7e520d721f000e24d757b84e32"

[[gate.input]]
path = "crates/zrail-cli/Cargo.toml"
sha256 = "88a20d40aa7341a466d45d656a8b340f7c7c0b2d906f578aa33b84c478b5b051"

[[gate.input]]
path = "crates/zrail-core/Cargo.toml"
sha256 = "59969385b5609a22b5d6be2074744834f96b50850d94fc4e4221d5cd34d8e85f"

[[gate.input]]
path = "crates/zrail-rust/Cargo.toml"
sha256 = "0cf988a51c3ee7d8696736558e275424f1c7661e8d7e6b4a991646b1fbb9f173"

[[gate.input]]
path = "crates/zrail-testkit/Cargo.toml"
sha256 = "1aa81488422c00a6c527b92584557cd3453d3ca7602de2658ea27e7e04974c0b"

[[gate.input]]
path = "rust-toolchain.toml"
sha256 = "279d77167cec5426fa80f457cd066dc74a360fbe4e2816f4f3fa01487a918fdc"

[[gate.input]]
path = "rustfmt.toml"
sha256 = "45e07033c8cd89ed400ee4e96ec608e338e89822233abd6e56c85040ece66520"

[[gate.input]]
path = "scripts/package-check"
sha256 = "87728ee95d8e3812b8be46770a95fd71796034a22e4df5629af7269a04c20f6e"

[[gate.input]]
path = "scripts/stage-crate-source.py"
sha256 = "e3eb9119ca17a4dab3991ec47dd3830229f1e4775f43b775d4225158822e8493"

[[gate.input]]
path = "scripts/structure-check"
sha256 = "9ea105b88ae4bb547699df0ba97cac461fc8ddd99ec6323625510c8a8f3e4627"

[[gate]]
name = "ci"
path = ".github/workflows/ci.yml"
sha256 = "6fc107adb9715513a64f423c98b5dee44819c6166e546f8220ff63d079444573"

[[gate.input]]
path = ".github/actions/setup-rust/action.yml"
sha256 = "e260d0845a1d394b10c7b1dea7c54de8683a4d5010c2ce07a8423b58c52671de"

[[gate]]
name = "release"
path = ".github/workflows/release.yml"
sha256 = "00606d62ff07ab9ab89ab81bd7c8f9709c18e7dfcee81dec42116d523293f2f5"

[[gate.input]]
path = ".github/actions/setup-rust/action.yml"
sha256 = "e260d0845a1d394b10c7b1dea7c54de8683a4d5010c2ce07a8423b58c52671de"

[[gate.input]]
path = "CHANGELOG.md"
sha256 = "c9903cebd80d3fa72931abe36c87745c501eca106232e7ea934033eb434a2b94"

[[gate.input]]
path = "LICENSE"
sha256 = "cfc7749b96f63bd31c3c42b5c471bf756814053e847c10f3eb003417bc523d30"

[[gate.input]]
path = "README.md"
sha256 = "f4226fa0b5a4a45077c37195339c0c170ebdbf680d3083a73a827a6fa6c76ead"

[[gate.input]]
path = "scripts/package-release.py"
sha256 = "7bca6de5113c257fd2dd0bd105be55c3ec0609d4366c396afd1932181f0465f1"

[[gate.input]]
path = "scripts/publish-crates"
sha256 = "10fd81f20d42947491b24491eb65b6523664f3c638907f69ac9637d89d5ae40b"

[[gate.input]]
path = "scripts/release-notes.py"
sha256 = "3410d00085d75c9e5da6ba5bc4f6e1da031cf76f73529808969d8ddbd71ced18"

[[gate.input]]
path = "scripts/release-state.py"
sha256 = "2d3f346c1389bedd6bad3ab5192c81ffb690b5c7e407c2925bf7b4bf336b252a"

[[gate.input]]
path = "scripts/stage-crate-source.py"
sha256 = "e3eb9119ca17a4dab3991ec47dd3830229f1e4775f43b775d4225158822e8493"

[[gate]]
name = "security"
path = ".github/workflows/security.yml"
sha256 = "4c95470b78eab4c4af54c79e987bf8ca406776a2d0813783f8ce67d69d0359d9"

[[gate.input]]
path = ".github/actions/setup-rust/action.yml"
sha256 = "e260d0845a1d394b10c7b1dea7c54de8683a4d5010c2ce07a8423b58c52671de"
