# This file is generated by `zrail update`; do not edit by hand.
schema = 1
engine = "0.0.1"
contract_sha256 = "fcb8154cdc9c54d27fe494e4cd0536d99a71dff4bb15bff1fa018cf0e22a5e19"
ratchet = []

[[package]]
name = "zrail"

[[package.dependency]]
name = "zrail-core"
kind = "normal"
scope = "internal"

[[package.dependency]]
name = "zrail-rust"
kind = "normal"
scope = "internal"

[[package]]
name = "zrail-core"

[[package.dependency]]
name = "serde"
kind = "normal"
scope = "external"

[[package.dependency]]
name = "serde_json"
kind = "normal"
scope = "external"

[[package.dependency]]
name = "sha2"
kind = "normal"
scope = "external"

[[package.dependency]]
name = "toml"
kind = "normal"
scope = "external"

[[package]]
name = "zrail-rust"

[[package.dependency]]
name = "proc-macro2"
kind = "normal"
scope = "external"

[[package.dependency]]
name = "serde"
kind = "normal"
scope = "external"

[[package.dependency]]
name = "serde_json"
kind = "normal"
scope = "external"

[[package.dependency]]
name = "syn"
kind = "normal"
scope = "external"

[[package.dependency]]
name = "toml"
kind = "normal"
scope = "external"

[[package.dependency]]
name = "zrail-core"
kind = "normal"
scope = "internal"

[[package]]
name = "zrail-testkit"

[[package.dependency]]
name = "zrail-core"
kind = "development"
scope = "internal"

[[package.dependency]]
name = "zrail-rust"
kind = "development"
scope = "internal"

[[gate]]
name = "check"
path = "scripts/check"
sha256 = "63c55d8ca2118983241e1a2a7e79330e5bec3c16cddb522a85a6de1c9d53edc5"
