# This file is generated by `zrail update`; do not edit by hand.
schema = 2
semantics = 2
producer = "0.0.1"
contract_sha256 = "bd7ca3c873e3e434be688fc15234778b6b1510c40f05181b86e8514c173f2f2b"
ratchet = []

[[package]]
name = "zrail"

[[package.dependency]]
alias = "zrail-core"
name = "zrail-core"
kind = "normal"
scope = "internal"
optional = false
default_features = true

[package.dependency.source]
kind = "workspace-member"
directory = "crates/zrail-core"
requirement = "=0.0.1"

[[package.dependency]]
alias = "zrail-rust"
name = "zrail-rust"
kind = "normal"
scope = "internal"
optional = false
default_features = true

[package.dependency.source]
kind = "workspace-member"
directory = "crates/zrail-rust"
requirement = "=0.0.1"

[[package]]
name = "zrail-core"

[[package.dependency]]
alias = "serde"
name = "serde"
kind = "normal"
scope = "external"
optional = false
default_features = true
features = ["derive"]

[package.dependency.source]
kind = "registry"
requirement = "1.0.229"

[[package.dependency]]
alias = "serde_json"
name = "serde_json"
kind = "normal"
scope = "external"
optional = false
default_features = true

[package.dependency.source]
kind = "registry"
requirement = "1.0.151"

[[package.dependency]]
alias = "sha2"
name = "sha2"
kind = "normal"
scope = "external"
optional = false
default_features = true

[package.dependency.source]
kind = "registry"
requirement = "0.10.9"

[[package.dependency]]
alias = "toml"
name = "toml"
kind = "normal"
scope = "external"
optional = false
default_features = true

[package.dependency.source]
kind = "registry"
requirement = "0.8.23"

[[package]]
name = "zrail-rust"

[[package.dependency]]
alias = "proc-macro2"
name = "proc-macro2"
kind = "normal"
scope = "external"
optional = false
default_features = true
features = ["span-locations"]

[package.dependency.source]
kind = "registry"
requirement = "1.0.107"

[[package.dependency]]
alias = "serde"
name = "serde"
kind = "normal"
scope = "external"
optional = false
default_features = true
features = ["derive"]

[package.dependency.source]
kind = "registry"
requirement = "1.0.229"

[[package.dependency]]
alias = "serde_json"
name = "serde_json"
kind = "normal"
scope = "external"
optional = false
default_features = true

[package.dependency.source]
kind = "registry"
requirement = "1.0.151"

[[package.dependency]]
alias = "syn"
name = "syn"
kind = "normal"
scope = "external"
optional = false
default_features = true
features = [
    "extra-traits",
    "full",
    "visit",
]

[package.dependency.source]
kind = "registry"
requirement = "2.0.119"

[[package.dependency]]
alias = "toml"
name = "toml"
kind = "normal"
scope = "external"
optional = false
default_features = true

[package.dependency.source]
kind = "registry"
requirement = "0.8.23"

[[package.dependency]]
alias = "zrail-core"
name = "zrail-core"
kind = "normal"
scope = "internal"
optional = false
default_features = true

[package.dependency.source]
kind = "workspace-member"
directory = "crates/zrail-core"
requirement = "=0.0.1"

[[package]]
name = "zrail-testkit"

[[package.dependency]]
alias = "zrail-core"
name = "zrail-core"
kind = "development"
scope = "internal"
optional = false
default_features = true

[package.dependency.source]
kind = "workspace-member"
directory = "crates/zrail-core"
requirement = "=0.0.1"

[[package.dependency]]
alias = "zrail-rust"
name = "zrail-rust"
kind = "development"
scope = "internal"
optional = false
default_features = true

[package.dependency.source]
kind = "workspace-member"
directory = "crates/zrail-rust"
requirement = "=0.0.1"

[[gate]]
name = "architecture-review"
path = ".github/workflows/authority.yml"
sha256 = "d124e9058716a7c37716f95b71e176815d41de16a93b9166fe7ece46655a8149"

[[gate]]
name = "check"
path = "scripts/check"
sha256 = "402832b75f43870c378b8012312b975fe9b87ad01b77c1552bb7eb1588776edd"
