# This file is generated by `zrail update`; do not edit by hand.
schema = 1
semantics = 2
producer = "0.0.1"
contract_sha256 = "6c66ad4b57c1781f188052cc3430e7571b246e0b487d0a31381f060bb1ebd2ae"
ratchet = []

[[package]]
name = "stale-out-dir"
dependency = []

[[generated]]
root = "src/generated"
manifest_sha256 = "8bd8733fe55b4f35afb73bdf599571e8e490ceb07e66a02763b24c0e2932814e"
