# This file is generated by `zrail update`; do not edit by hand.
schema = 1
engine = "0.0.1"
contract_sha256 = "67174b3bd969df0cfc4f3cb32d9890c21162dc57251ee62767c97934b6ccdfa6"
ratchet = []

[[package]]
name = "generated-source"
dependency = []

[[generated]]
root = "src/generated"
manifest_sha256 = "c0f8139a5e5d362cbd28026e4b596cce426ba360ec272dcd84554de328fba2bc"
