# This file is generated by `zrail update`; do not edit by hand.
schema = 3
semantics = 7
producer = "0.0.3-rc.5"
contract_sha256 = "67174b3bd969df0cfc4f3cb32d9890c21162dc57251ee62767c97934b6ccdfa6"
ratchet = []

[analysis]
inventory_sha256 = "22e7bd36838b3d5d9d73fc12fcdc05c693c093996c253bcd58d6b9a1d6e52d68"
exclusions_sha256 = "e3b0c44298fc1c149afbf4c8996fb92427ae41e4649b934ca495991b7852b855"
cargo_features_sha256 = "8478ee3e5a1b7cd97c0bfc77d2ef5e0aebffc1debc36d7188ebebc82ced1d770"
feature_worlds_sha256 = "e3b0c44298fc1c149afbf4c8996fb92427ae41e4649b934ca495991b7852b855"
feature_worlds = 0
packages = 1
targets = 1
physical_rust_files = 3
base_source_contexts = 6
derived_source_contexts = 0
source_facts = 24
projection_queries = 92
projected_facts = 0
unresolved_bindings = 0
analyzer_semantics = 7

[[analysis.contract_source]]
path = "zrail.toml"
sha256 = "111d2b33fd6641c278c777545f4598e2f8e5bfd24e29e90c8be6cc4e4574d604"

[[package]]
name = "generated-source"
dependency = []

[[generated]]
root = "src/generated"
manifest_sha256 = "c0f8139a5e5d362cbd28026e4b596cce426ba360ec272dcd84554de328fba2bc"
