# This file is generated by `zrail update`; do not edit by hand.
schema = 5
semantics = 5
producer = "0.0.1"
contract_sha256 = "c1988a69ed816750ba2b618cbacdda7df8e898840a74d21eb2d21d348c159299"
ratchet = []

[[package]]
name = "fixture"
dependency = []

[[gate]]
name = "check"
path = "scripts/check"
sha256 = "de158348d8d2d371d451fa5307e4100eb6cb15639a6cfbb1aff158e50925ae76"
