# This file is generated by `zrail update`; do not edit by hand.
schema = 1
semantics = 2
producer = "0.0.1"
contract_sha256 = "10f2e76014b6450cf56728412eb88870309ab31fc03f59a7ef355081ab9b2588"
ratchet = []

[[package]]
name = "fixture"
dependency = []

[[gate]]
name = "check"
path = "scripts/check"
sha256 = "de158348d8d2d371d451fa5307e4100eb6cb15639a6cfbb1aff158e50925ae76"

[[gate.input]]
path = "scripts/helper"
sha256 = "0599685b3c2fe7027deea46dad60b49df57dde5785b30a175ae41ba32949199f"
