# This file is generated by `zrail update`; do not edit by hand.
schema = 3
semantics = 6
producer = "0.0.3-rc.5"
contract_sha256 = "10f2e76014b6450cf56728412eb88870309ab31fc03f59a7ef355081ab9b2588"
ratchet = []

[analysis]
inventory_sha256 = "51d9dc2360118271573a27fee6dda20be246b81ddd497710c57586d485cbae0f"
exclusions_sha256 = "e3b0c44298fc1c149afbf4c8996fb92427ae41e4649b934ca495991b7852b855"
cargo_features_sha256 = "5efe115f80e65a33c816c94438a026648d4fc97c779a22e2d0450affbfabe599"
feature_worlds_sha256 = "e3b0c44298fc1c149afbf4c8996fb92427ae41e4649b934ca495991b7852b855"
feature_worlds = 0
packages = 1
targets = 1
physical_rust_files = 3
base_source_contexts = 5
derived_source_contexts = 0
source_facts = 12
projection_queries = 22
projected_facts = 0
unresolved_bindings = 0
analyzer_semantics = 6

[[analysis.contract_source]]
path = "zrail.toml"
sha256 = "cfa12dc665c30c8e0c6037eecfff097e8d2cfbb28709abba18fc9742986bcbe6"

[[package]]
name = "fixture"
dependency = []

[[gate]]
name = "check"
path = "scripts/check"
sha256 = "de158348d8d2d371d451fa5307e4100eb6cb15639a6cfbb1aff158e50925ae76"

[[gate.input]]
path = "scripts/helper"
sha256 = "0599685b3c2fe7027deea46dad60b49df57dde5785b30a175ae41ba32949199f"
